# THIS IS AN AUTOGENERATED FILE. DO NOT EDIT THIS FILE DIRECTLY.
# yarn lockfile v1


"2d-polygon-area@^1.0.0":
  version "1.0.0"
  resolved "https://registry.yarnpkg.com/2d-polygon-area/-/2d-polygon-area-1.0.0.tgz#2101b1f340116fda962c27656d2e49d261b4f4f8"

"2d-polygon-boolean@^1.0.1":
  version "1.0.1"
  resolved "https://registry.yarnpkg.com/2d-polygon-boolean/-/2d-polygon-boolean-1.0.1.tgz#f7ae11a2fc97d5edf42ae980a3e546a2cf4715e0"
  dependencies:
    "2d-polygon-area" "^1.0.0"
    point-in-big-polygon "~1.0.0"
    segseg "~0.2.0"
    signum "^1.0.0"

"2d-polygon-self-intersections@^1.3.1":
  version "1.3.1"
  resolved "https://registry.yarnpkg.com/2d-polygon-self-intersections/-/2d-polygon-self-intersections-1.3.1.tgz#a27a5537e761800258a9d4975c6642319a534a88"
  dependencies:
    exact-segment-intersect "^2.0.0"
    robust-estimate-float "^1.0.0"

ansi-regex@^0.2.0, ansi-regex@^0.2.1:
  version "0.2.1"
  resolved "https://registry.yarnpkg.com/ansi-regex/-/ansi-regex-0.2.1.tgz#0d8e946967a3d8143f93e24e298525fc1b2235f9"

ansi-styles@^1.1.0:
  version "1.1.0"
  resolved "https://registry.yarnpkg.com/ansi-styles/-/ansi-styles-1.1.0.tgz#eaecbf66cd706882760b2f4691582b8f55d7a7de"

array-find-index@^1.0.1:
  version "1.0.2"
  resolved "https://registry.yarnpkg.com/array-find-index/-/array-find-index-1.0.2.tgz#df010aa1287e164bbda6f9723b0a96a1ec4187a1"

binary-search-bounds@^1.0.0:
  version "1.0.0"
  resolved "https://registry.yarnpkg.com/binary-search-bounds/-/binary-search-bounds-1.0.0.tgz#323ca317e3f2a40f4244c7255f5384a5b207bb69"

builtin-modules@^1.0.0:
  version "1.1.1"
  resolved "https://registry.yarnpkg.com/builtin-modules/-/builtin-modules-1.1.1.tgz#270f076c5a72c02f5b65a47df94c5fe3a278892f"

camelcase-keys@^2.0.0:
  version "2.1.0"
  resolved "https://registry.yarnpkg.com/camelcase-keys/-/camelcase-keys-2.1.0.tgz#308beeaffdf28119051efa1d932213c91b8f92e7"
  dependencies:
    camelcase "^2.0.0"
    map-obj "^1.0.0"

camelcase@^2.0.0:
  version "2.1.1"
  resolved "https://registry.yarnpkg.com/camelcase/-/camelcase-2.1.1.tgz#7c1d16d679a1bbe59ca02cacecfb011e201f5a1f"

chalk@^0.5.1:
  version "0.5.1"
  resolved "https://registry.yarnpkg.com/chalk/-/chalk-0.5.1.tgz#663b3a648b68b55d04690d49167aa837858f2174"
  dependencies:
    ansi-styles "^1.1.0"
    escape-string-regexp "^1.0.0"
    has-ansi "^0.1.0"
    strip-ansi "^0.3.0"
    supports-color "^0.2.0"

circle2@^1.1.1:
  version "1.1.1"
  resolved "https://registry.yarnpkg.com/circle2/-/circle2-1.1.1.tgz#db028816a608d9b19d2165b783512187970790a9"
  dependencies:
    circumcenter "^1.0.0"
    robust-estimate-float "^1.0.0"
    subdivide-arc "^1.0.1"
    vec2 "^1.6.0"

circumcenter@^1.0.0:
  version "1.0.0"
  resolved "https://registry.yarnpkg.com/circumcenter/-/circumcenter-1.0.0.tgz#20d7aa13b17fbac52f52da4f54c6ac8b906ee529"
  dependencies:
    dup "^1.0.0"
    robust-linear-solve "^1.0.0"

core-util-is@~1.0.0:
  version "1.0.2"
  resolved "https://registry.yarnpkg.com/core-util-is/-/core-util-is-1.0.2.tgz#b5fd54220aa2bc5ab57aab7140c940754503c1a7"

currently-unhandled@^0.4.1:
  version "0.4.1"
  resolved "https://registry.yarnpkg.com/currently-unhandled/-/currently-unhandled-0.4.1.tgz#988df33feab191ef799a61369dd76c17adf957ea"
  dependencies:
    array-find-index "^1.0.1"

decamelize@^1.1.2:
  version "1.2.0"
  resolved "https://registry.yarnpkg.com/decamelize/-/decamelize-1.2.0.tgz#f6534d15148269b20352e7bee26f501f9a191290"

deep-equal@~0.2.0:
  version "0.2.2"
  resolved "https://registry.yarnpkg.com/deep-equal/-/deep-equal-0.2.2.tgz#84b745896f34c684e98f2ce0e42abaf43bba017d"

defined@~0.0.0:
  version "0.0.0"
  resolved "https://registry.yarnpkg.com/defined/-/defined-0.0.0.tgz#f35eea7d705e933baf13b2f03b3f83d921403b3e"

dup@^1.0.0:
  version "1.0.0"
  resolved "https://registry.yarnpkg.com/dup/-/dup-1.0.0.tgz#51fc5ac685f8196469df0b905e934b20af5b4029"

duplexer@^0.1.1:
  version "0.1.1"
  resolved "https://registry.yarnpkg.com/duplexer/-/duplexer-0.1.1.tgz#ace6ff808c1ce66b57d1ebf97977acb02334cfc1"

error-ex@^1.2.0:
  version "1.3.1"
  resolved "https://registry.yarnpkg.com/error-ex/-/error-ex-1.3.1.tgz#f855a86ce61adc4e8621c3cda21e7a7612c3a8dc"
  dependencies:
    is-arrayish "^0.2.1"

escape-string-regexp@^1.0.0:
  version "1.0.5"
  resolved "https://registry.yarnpkg.com/escape-string-regexp/-/escape-string-regexp-1.0.5.tgz#1b61c0562190a8dff6ae3bb2cf0200ca130b86d4"

exact-segment-intersect@^2.0.0:
  version "2.0.0"
  resolved "https://registry.yarnpkg.com/exact-segment-intersect/-/exact-segment-intersect-2.0.0.tgz#432fc1fa771a19b0ae63facb8eedda7438e87778"
  dependencies:
    robust-compress "^1.0.0"
    robust-scale "^1.0.2"
    robust-segment-intersect "^1.0.1"
    robust-sum "^1.0.0"
    two-product "^1.0.2"

fc@^0.1.5:
  version "0.1.6"
  resolved "https://registry.yarnpkg.com/fc/-/fc-0.1.6.tgz#35b39f9e52c09628346c903b4d84ca38b29be78c"

find-up@^1.0.0:
  version "1.1.2"
  resolved "https://registry.yarnpkg.com/find-up/-/find-up-1.1.2.tgz#6b2e9822b1a2ce0a60ab64d610eccad53cb24d0f"
  dependencies:
    path-exists "^2.0.0"
    pinkie-promise "^2.0.0"

functional-red-black-tree@^1.0.0:
  version "1.0.1"
  resolved "https://registry.yarnpkg.com/functional-red-black-tree/-/functional-red-black-tree-1.0.1.tgz#1b0ab3bd553b2a0d6399d29c0e3ea0b252078327"

get-stdin@^4.0.1:
  version "4.0.1"
  resolved "https://registry.yarnpkg.com/get-stdin/-/get-stdin-4.0.1.tgz#b968c6b0a04384324902e8bf1a5df32579a450fe"

glob@~3.2.9:
  version "3.2.11"
  resolved "https://registry.yarnpkg.com/glob/-/glob-3.2.11.tgz#4a973f635b9190f715d10987d5c00fd2815ebe3d"
  dependencies:
    inherits "2"
    minimatch "0.3"

graceful-fs@^4.1.2:
  version "4.1.11"
  resolved "https://registry.yarnpkg.com/graceful-fs/-/graceful-fs-4.1.11.tgz#0e8bdfe4d1ddb8854d64e04ea7c00e2a026e5658"

has-ansi@^0.1.0:
  version "0.1.0"
  resolved "https://registry.yarnpkg.com/has-ansi/-/has-ansi-0.1.0.tgz#84f265aae8c0e6a88a12d7022894b7568894c62e"
  dependencies:
    ansi-regex "^0.2.0"

hosted-git-info@^2.1.4:
  version "2.5.0"
  resolved "https://registry.yarnpkg.com/hosted-git-info/-/hosted-git-info-2.5.0.tgz#6d60e34b3abbc8313062c3b798ef8d901a07af3c"

indent-string@^2.1.0:
  version "2.1.0"
  resolved "https://registry.yarnpkg.com/indent-string/-/indent-string-2.1.0.tgz#8e2d48348742121b4a8218b7a137e9a52049dc80"
  dependencies:
    repeating "^2.0.0"

inherits@2, inherits@~2.0.1, inherits@~2.0.3:
  version "2.0.3"
  resolved "https://registry.yarnpkg.com/inherits/-/inherits-2.0.3.tgz#633c2c83e3da42a502f52466022480f4208261de"

is-arrayish@^0.2.1:
  version "0.2.1"
  resolved "https://registry.yarnpkg.com/is-arrayish/-/is-arrayish-0.2.1.tgz#77c99840527aa8ecb1a8ba697b80645a7a926a9d"

is-builtin-module@^1.0.0:
  version "1.0.0"
  resolved "https://registry.yarnpkg.com/is-builtin-module/-/is-builtin-module-1.0.0.tgz#540572d34f7ac3119f8f76c30cbc1b1e037affbe"
  dependencies:
    builtin-modules "^1.0.0"

is-finite@^1.0.0, is-finite@^1.0.1:
  version "1.0.2"
  resolved "https://registry.yarnpkg.com/is-finite/-/is-finite-1.0.2.tgz#cc6677695602be550ef11e8b4aa6305342b6d0aa"
  dependencies:
    number-is-nan "^1.0.0"

is-utf8@^0.2.0:
  version "0.2.1"
  resolved "https://registry.yarnpkg.com/is-utf8/-/is-utf8-0.2.1.tgz#4b0da1442104d1b336340e80797e865cf39f7d72"

isarray@0.0.1:
  version "0.0.1"
  resolved "https://registry.yarnpkg.com/isarray/-/isarray-0.0.1.tgz#8a18acfca9a8f4177e09abfc6038939b05d1eedf"

isarray@~1.0.0:
  version "1.0.0"
  resolved "https://registry.yarnpkg.com/isarray/-/isarray-1.0.0.tgz#bb935d48582cba168c06834957a54a3e07124f11"

line2@^0.2.1:
  version "0.2.1"
  resolved "https://registry.yarnpkg.com/line2/-/line2-0.2.1.tgz#3bbd1bb47b5f307009caa526c7261ad1c237adf8"
  dependencies:
    segseg "~0.2.1"
    vec2 "~1.3.4"

load-json-file@^1.0.0:
  version "1.1.0"
  resolved "https://registry.yarnpkg.com/load-json-file/-/load-json-file-1.1.0.tgz#956905708d58b4bab4c2261b04f59f31c99374c0"
  dependencies:
    graceful-fs "^4.1.2"
    parse-json "^2.2.0"
    pify "^2.0.0"
    pinkie-promise "^2.0.0"
    strip-bom "^2.0.0"

loud-rejection@^1.0.0:
  version "1.6.0"
  resolved "https://registry.yarnpkg.com/loud-rejection/-/loud-rejection-1.6.0.tgz#5b46f80147edee578870f086d04821cf998e551f"
  dependencies:
    currently-unhandled "^0.4.1"
    signal-exit "^3.0.0"

lru-cache@2:
  version "2.7.3"
  resolved "https://registry.yarnpkg.com/lru-cache/-/lru-cache-2.7.3.tgz#6d4524e8b955f95d4f5b58851ce21dd72fb4e952"

map-obj@^1.0.0, map-obj@^1.0.1:
  version "1.0.1"
  resolved "https://registry.yarnpkg.com/map-obj/-/map-obj-1.0.1.tgz#d933ceb9205d82bdcf4886f6742bdc2b4dea146d"

meow@^3.3.0:
  version "3.7.0"
  resolved "https://registry.yarnpkg.com/meow/-/meow-3.7.0.tgz#72cb668b425228290abbfa856892587308a801fb"
  dependencies:
    camelcase-keys "^2.0.0"
    decamelize "^1.1.2"
    loud-rejection "^1.0.0"
    map-obj "^1.0.1"
    minimist "^1.1.3"
    normalize-package-data "^2.3.4"
    object-assign "^4.0.1"
    read-pkg-up "^1.0.1"
    redent "^1.0.0"
    trim-newlines "^1.0.0"

minimatch@0.3:
  version "0.3.0"
  resolved "https://registry.yarnpkg.com/minimatch/-/minimatch-0.3.0.tgz#275d8edaac4f1bb3326472089e7949c8394699dd"
  dependencies:
    lru-cache "2"
    sigmund "~1.0.0"

minimist@^0.2.0:
  version "0.2.0"
  resolved "https://registry.yarnpkg.com/minimist/-/minimist-0.2.0.tgz#4dffe525dae2b864c66c2e23c6271d7afdecefce"

minimist@^1.1.3:
  version "1.2.0"
  resolved "https://registry.yarnpkg.com/minimist/-/minimist-1.2.0.tgz#a35008b20f41383eec1fb914f4cd5df79a264284"

normalize-package-data@^2.3.2, normalize-package-data@^2.3.4:
  version "2.4.0"
  resolved "https://registry.yarnpkg.com/normalize-package-data/-/normalize-package-data-2.4.0.tgz#12f95a307d58352075a04907b84ac8be98ac012f"
  dependencies:
    hosted-git-info "^2.1.4"
    is-builtin-module "^1.0.0"
    semver "2 || 3 || 4 || 5"
    validate-npm-package-license "^3.0.1"

number-is-nan@^1.0.0:
  version "1.0.1"
  resolved "https://registry.yarnpkg.com/number-is-nan/-/number-is-nan-1.0.1.tgz#097b602b53422a522c1afb8790318336941a011d"

object-assign@^4.0.1:
  version "4.1.1"
  resolved "https://registry.yarnpkg.com/object-assign/-/object-assign-4.1.1.tgz#2109adc7965887cfc05cbbd442cac8bfbb360863"

object-inspect@~0.4.0:
  version "0.4.0"
  resolved "https://registry.yarnpkg.com/object-inspect/-/object-inspect-0.4.0.tgz#f5157c116c1455b243b06ee97703392c5ad89fec"

onecolor@^2.4.0:
  version "2.5.0"
  resolved "https://registry.yarnpkg.com/onecolor/-/onecolor-2.5.0.tgz#2256b651dc807c101f00aedbd49925c57a4431c1"

parse-json@^2.2.0:
  version "2.2.0"
  resolved "https://registry.yarnpkg.com/parse-json/-/parse-json-2.2.0.tgz#f480f40434ef80741f8469099f8dea18f55a4dc9"
  dependencies:
    error-ex "^1.2.0"

parse-ms@^1.0.0:
  version "1.0.1"
  resolved "https://registry.yarnpkg.com/parse-ms/-/parse-ms-1.0.1.tgz#56346d4749d78f23430ca0c713850aef91aa361d"

path-exists@^2.0.0:
  version "2.1.0"
  resolved "https://registry.yarnpkg.com/path-exists/-/path-exists-2.1.0.tgz#0feb6c64f0fc518d9a754dd5efb62c7022761f4b"
  dependencies:
    pinkie-promise "^2.0.0"

path-type@^1.0.0:
  version "1.1.0"
  resolved "https://registry.yarnpkg.com/path-type/-/path-type-1.1.0.tgz#59c44f7ee491da704da415da5a4070ba4f8fe441"
  dependencies:
    graceful-fs "^4.1.2"
    pify "^2.0.0"
    pinkie-promise "^2.0.0"

pify@^2.0.0:
  version "2.3.0"
  resolved "https://registry.yarnpkg.com/pify/-/pify-2.3.0.tgz#ed141a6ac043a849ea588498e7dca8b15330e90c"

pinkie-promise@^2.0.0:
  version "2.0.1"
  resolved "https://registry.yarnpkg.com/pinkie-promise/-/pinkie-promise-2.0.1.tgz#2135d6dfa7a358c069ac9b178776288228450ffa"
  dependencies:
    pinkie "^2.0.0"

pinkie@^2.0.0:
  version "2.0.4"
  resolved "https://registry.yarnpkg.com/pinkie/-/pinkie-2.0.4.tgz#72556b80cfa0d48a974e80e77248e80ed4f7f870"

plur@^1.0.0:
  version "1.0.0"
  resolved "https://registry.yarnpkg.com/plur/-/plur-1.0.0.tgz#db85c6814f5e5e5a3b49efc28d604fec62975156"

point-in-big-polygon@~1.0.0:
  version "1.0.0"
  resolved "https://registry.yarnpkg.com/point-in-big-polygon/-/point-in-big-polygon-1.0.0.tgz#18667257a18ba9ceaa39de4fc3a2cf4996a20225"
  dependencies:
    robust-orientation "^1.0.2"
    slab-decomposition "^1.0.1"

pretty-ms@^1.0.0:
  version "1.4.0"
  resolved "https://registry.yarnpkg.com/pretty-ms/-/pretty-ms-1.4.0.tgz#690d55637957c0c53f8086a810adb747825a9a0f"
  dependencies:
    get-stdin "^4.0.1"
    is-finite "^1.0.1"
    meow "^3.3.0"
    parse-ms "^1.0.0"
    plur "^1.0.0"

process-nextick-args@~1.0.6:
  version "1.0.7"
  resolved "https://registry.yarnpkg.com/process-nextick-args/-/process-nextick-args-1.0.7.tgz#150e20b756590ad3f91093f25a4f2ad8bff30ba3"

re-emitter@^1.0.0:
  version "1.1.3"
  resolved "https://registry.yarnpkg.com/re-emitter/-/re-emitter-1.1.3.tgz#fa9e319ffdeeeb35b27296ef0f3d374dac2f52a7"

read-pkg-up@^1.0.1:
  version "1.0.1"
  resolved "https://registry.yarnpkg.com/read-pkg-up/-/read-pkg-up-1.0.1.tgz#9d63c13276c065918d57f002a57f40a1b643fb02"
  dependencies:
    find-up "^1.0.0"
    read-pkg "^1.0.0"

read-pkg@^1.0.0:
  version "1.1.0"
  resolved "https://registry.yarnpkg.com/read-pkg/-/read-pkg-1.1.0.tgz#f5ffaa5ecd29cb31c0474bca7d756b6bb29e3f28"
  dependencies:
    load-json-file "^1.0.0"
    normalize-package-data "^2.3.2"
    path-type "^1.0.0"

"readable-stream@>=1.0.33-1 <1.1.0-0":
  version "1.0.34"
  resolved "https://registry.yarnpkg.com/readable-stream/-/readable-stream-1.0.34.tgz#125820e34bc842d2f2aaafafe4c2916ee32c157c"
  dependencies:
    core-util-is "~1.0.0"
    inherits "~2.0.1"
    isarray "0.0.1"
    string_decoder "~0.10.x"

readable-stream@^2.0.0:
  version "2.3.3"
  resolved "https://registry.yarnpkg.com/readable-stream/-/readable-stream-2.3.3.tgz#368f2512d79f9d46fdfc71349ae7878bbc1eb95c"
  dependencies:
    core-util-is "~1.0.0"
    inherits "~2.0.3"
    isarray "~1.0.0"
    process-nextick-args "~1.0.6"
    safe-buffer "~5.1.1"
    string_decoder "~1.0.3"
    util-deprecate "~1.0.1"

readable-stream@~1.1.11:
  version "1.1.14"
  resolved "https://registry.yarnpkg.com/readable-stream/-/readable-stream-1.1.14.tgz#7cf4c54ef648e3813084c636dd2079e166c081d9"
  dependencies:
    core-util-is "~1.0.0"
    inherits "~2.0.1"
    isarray "0.0.1"
    string_decoder "~0.10.x"

redent@^1.0.0:
  version "1.0.0"
  resolved "https://registry.yarnpkg.com/redent/-/redent-1.0.0.tgz#cf916ab1fd5f1f16dfb20822dd6ec7f730c2afde"
  dependencies:
    indent-string "^2.1.0"
    strip-indent "^1.0.1"

repeating@^2.0.0:
  version "2.0.1"
  resolved "https://registry.yarnpkg.com/repeating/-/repeating-2.0.1.tgz#5214c53a926d3552707527fbab415dbc08d06dda"
  dependencies:
    is-finite "^1.0.0"

resumer@~0.0.0:
  version "0.0.0"
  resolved "https://registry.yarnpkg.com/resumer/-/resumer-0.0.0.tgz#f1e8f461e4064ba39e82af3cdc2a8c893d076759"
  dependencies:
    through "~2.3.4"

robust-compress@^1.0.0:
  version "1.0.0"
  resolved "https://registry.yarnpkg.com/robust-compress/-/robust-compress-1.0.0.tgz#4cf62c4b318d8308516012bb8c11752f39329b1b"

robust-determinant@^1.1.0:
  version "1.1.0"
  resolved "https://registry.yarnpkg.com/robust-determinant/-/robust-determinant-1.1.0.tgz#8ecae79b79caab3e74f6debe2237e5391a27e9c7"
  dependencies:
    robust-compress "^1.0.0"
    robust-scale "^1.0.0"
    robust-sum "^1.0.0"
    two-product "^1.0.0"

robust-estimate-float@^1.0.0:
  version "1.0.0"
  resolved "https://registry.yarnpkg.com/robust-estimate-float/-/robust-estimate-float-1.0.0.tgz#cf3bde3311c0fcd2bb511f0c158901651d24defb"

robust-linear-solve@^1.0.0:
  version "1.0.0"
  resolved "https://registry.yarnpkg.com/robust-linear-solve/-/robust-linear-solve-1.0.0.tgz#0cd6ac5040691a6f2aa3cd6311d728905ca3a1f1"
  dependencies:
    robust-determinant "^1.1.0"

robust-orientation@^1.0.2, robust-orientation@^1.1.3:
  version "1.1.3"
  resolved "https://registry.yarnpkg.com/robust-orientation/-/robust-orientation-1.1.3.tgz#daff5b00d3be4e60722f0e9c0156ef967f1c2049"
  dependencies:
    robust-scale "^1.0.2"
    robust-subtract "^1.0.0"
    robust-sum "^1.0.0"
    two-product "^1.0.2"

robust-product@^1.0.0:
  version "1.0.0"
  resolved "https://registry.yarnpkg.com/robust-product/-/robust-product-1.0.0.tgz#685250007cdbba7cf1de75bff6d2927011098abe"
  dependencies:
    robust-scale "^1.0.0"
    robust-sum "^1.0.0"

robust-scale@^1.0.0, robust-scale@^1.0.2:
  version "1.0.2"
  resolved "https://registry.yarnpkg.com/robust-scale/-/robust-scale-1.0.2.tgz#775132ed09542d028e58b2cc79c06290bcf78c32"
  dependencies:
    two-product "^1.0.2"
    two-sum "^1.0.0"

robust-segment-intersect@^1.0.1:
  version "1.0.1"
  resolved "https://registry.yarnpkg.com/robust-segment-intersect/-/robust-segment-intersect-1.0.1.tgz#3252b6a0fc1ba14ade6915ccbe09cbce9aab1c1c"
  dependencies:
    robust-orientation "^1.1.3"

robust-split@^1.0.0:
  version "1.0.0"
  resolved "https://registry.yarnpkg.com/robust-split/-/robust-split-1.0.0.tgz#9a7d0c45022066f92e10445f4b73a31ca8b2f19d"

robust-subtract@^1.0.0:
  version "1.0.0"
  resolved "https://registry.yarnpkg.com/robust-subtract/-/robust-subtract-1.0.0.tgz#e0b164e1ed8ba4e3a5dda45a12038348dbed3e9a"

robust-sum@^1.0.0:
  version "1.0.0"
  resolved "https://registry.yarnpkg.com/robust-sum/-/robust-sum-1.0.0.tgz#16646e525292b4d25d82757a286955e0bbfa53d9"

safe-buffer@~5.1.0, safe-buffer@~5.1.1:
  version "5.1.1"
  resolved "https://registry.yarnpkg.com/safe-buffer/-/safe-buffer-5.1.1.tgz#893312af69b2123def71f57889001671eeb2c853"

segseg@^0.2.2, segseg@~0.2.0, segseg@~0.2.1:
  version "0.2.2"
  resolved "https://registry.yarnpkg.com/segseg/-/segseg-0.2.2.tgz#9620ac8d60d2f098c874b945c91cddfaffe3e3d7"

"semver@2 || 3 || 4 || 5":
  version "5.4.1"
  resolved "https://registry.yarnpkg.com/semver/-/semver-5.4.1.tgz#e059c09d8571f0540823733433505d3a2f00b18e"

sigmund@~1.0.0:
  version "1.0.1"
  resolved "https://registry.yarnpkg.com/sigmund/-/sigmund-1.0.1.tgz#3ff21f198cad2175f9f3b781853fd94d0d19b590"

signal-exit@^3.0.0:
  version "3.0.2"
  resolved "https://registry.yarnpkg.com/signal-exit/-/signal-exit-3.0.2.tgz#b5fdc08f1287ea1178628e415e25132b73646c6d"

signum@^1.0.0:
  version "1.0.0"
  resolved "https://registry.yarnpkg.com/signum/-/signum-1.0.0.tgz#74a7d2bf2a20b40eba16a92b152124f1d559fa77"

slab-decomposition@^1.0.1:
  version "1.0.2"
  resolved "https://registry.yarnpkg.com/slab-decomposition/-/slab-decomposition-1.0.2.tgz#1ded56754d408b10739f145103dfc61807f65134"
  dependencies:
    binary-search-bounds "^1.0.0"
    functional-red-black-tree "^1.0.0"
    robust-orientation "^1.1.3"

spdx-correct@~1.0.0:
  version "1.0.2"
  resolved "https://registry.yarnpkg.com/spdx-correct/-/spdx-correct-1.0.2.tgz#4b3073d933ff51f3912f03ac5519498a4150db40"
  dependencies:
    spdx-license-ids "^1.0.2"

spdx-expression-parse@~1.0.0:
  version "1.0.4"
  resolved "https://registry.yarnpkg.com/spdx-expression-parse/-/spdx-expression-parse-1.0.4.tgz#9bdf2f20e1f40ed447fbe273266191fced51626c"

spdx-license-ids@^1.0.2:
  version "1.2.2"
  resolved "https://registry.yarnpkg.com/spdx-license-ids/-/spdx-license-ids-1.2.2.tgz#c9df7a3424594ade6bd11900d596696dc06bac57"

split@^1.0.0:
  version "1.0.1"
  resolved "https://registry.yarnpkg.com/split/-/split-1.0.1.tgz#605bd9be303aa59fb35f9229fbea0ddec9ea07d9"
  dependencies:
    through "2"

string_decoder@~0.10.x:
  version "0.10.31"
  resolved "https://registry.yarnpkg.com/string_decoder/-/string_decoder-0.10.31.tgz#62e203bc41766c6c28c9fc84301dab1c5310fa94"

string_decoder@~1.0.3:
  version "1.0.3"
  resolved "https://registry.yarnpkg.com/string_decoder/-/string_decoder-1.0.3.tgz#0fc67d7c141825de94282dd536bec6b9bce860ab"
  dependencies:
    safe-buffer "~5.1.0"

strip-ansi@^0.3.0:
  version "0.3.0"
  resolved "https://registry.yarnpkg.com/strip-ansi/-/strip-ansi-0.3.0.tgz#25f48ea22ca79187f3174a4db8759347bb126220"
  dependencies:
    ansi-regex "^0.2.1"

strip-bom@^2.0.0:
  version "2.0.0"
  resolved "https://registry.yarnpkg.com/strip-bom/-/strip-bom-2.0.0.tgz#6219a85616520491f35788bdbf1447a99c7e6b0e"
  dependencies:
    is-utf8 "^0.2.0"

strip-indent@^1.0.1:
  version "1.0.1"
  resolved "https://registry.yarnpkg.com/strip-indent/-/strip-indent-1.0.1.tgz#0c7962a6adefa7bbd4ac366460a638552ae1a0a2"
  dependencies:
    get-stdin "^4.0.1"

subdivide-arc@^1.0.1:
  version "1.0.1"
  resolved "https://registry.yarnpkg.com/subdivide-arc/-/subdivide-arc-1.0.1.tgz#a9745a936edaa30640ce49247d30d5ee0fba9763"
  dependencies:
    robust-estimate-float "^1.0.0"
    robust-product "^1.0.0"
    robust-scale "^1.0.2"
    robust-split "^1.0.0"
    robust-sum "^1.0.0"

supports-color@^0.2.0:
  version "0.2.0"
  resolved "https://registry.yarnpkg.com/supports-color/-/supports-color-0.2.0.tgz#d92de2694eb3f67323973d7ae3d8b55b4c22190a"

tap-out@^1.0.0:
  version "1.4.2"
  resolved "https://registry.yarnpkg.com/tap-out/-/tap-out-1.4.2.tgz#c907ec1bf9405111d088263e92f5608b88cbb37a"
  dependencies:
    re-emitter "^1.0.0"
    readable-stream "^2.0.0"
    split "^1.0.0"
    trim "0.0.1"

tap-parser@^0.7.0:
  version "0.7.0"
  resolved "https://registry.yarnpkg.com/tap-parser/-/tap-parser-0.7.0.tgz#728a61d64680a5b48d5dbd9dbd0a4d48f5c35bcb"
  dependencies:
    inherits "~2.0.1"
    minimist "^0.2.0"
    readable-stream "~1.1.11"

tap-spec@~2.1.2:
  version "2.1.2"
  resolved "https://registry.yarnpkg.com/tap-spec/-/tap-spec-2.1.2.tgz#7108eea5570233b53a19266ba25db83e031c5a59"
  dependencies:
    chalk "^0.5.1"
    duplexer "^0.1.1"
    pretty-ms "^1.0.0"
    tap-out "^1.0.0"
    tap-parser "^0.7.0"
    through2 "^0.6.3"

tape@~3.0.3:
  version "3.0.3"
  resolved "https://registry.yarnpkg.com/tape/-/tape-3.0.3.tgz#dc4d28a8f3c11e546b019880ce03e78d5093b554"
  dependencies:
    deep-equal "~0.2.0"
    defined "~0.0.0"
    glob "~3.2.9"
    inherits "~2.0.1"
    object-inspect "~0.4.0"
    resumer "~0.0.0"
    through "~2.3.4"

through2@^0.6.3:
  version "0.6.5"
  resolved "https://registry.yarnpkg.com/through2/-/through2-0.6.5.tgz#41ab9c67b29d57209071410e1d7a7a968cd3ad48"
  dependencies:
    readable-stream ">=1.0.33-1 <1.1.0-0"
    xtend ">=4.0.0 <4.1.0-0"

through@2, through@~2.3.4:
  version "2.3.8"
  resolved "https://registry.yarnpkg.com/through/-/through-2.3.8.tgz#0dd4c9ffaabc357960b1b724115d7e0e86a2e1f5"

trim-newlines@^1.0.0:
  version "1.0.0"
  resolved "https://registry.yarnpkg.com/trim-newlines/-/trim-newlines-1.0.0.tgz#5887966bb582a4503a41eb524f7d35011815a613"

trim@0.0.1:
  version "0.0.1"
  resolved "https://registry.yarnpkg.com/trim/-/trim-0.0.1.tgz#5858547f6b290757ee95cccc666fb50084c460dd"

two-product@^1.0.0, two-product@^1.0.2:
  version "1.0.2"
  resolved "https://registry.yarnpkg.com/two-product/-/two-product-1.0.2.tgz#67d95d4b257a921e2cb4bd7af9511f9088522eaa"

two-sum@^1.0.0:
  version "1.0.0"
  resolved "https://registry.yarnpkg.com/two-sum/-/two-sum-1.0.0.tgz#31d3f32239e4f731eca9df9155e2b297f008ab64"

util-deprecate@~1.0.1:
  version "1.0.2"
  resolved "https://registry.yarnpkg.com/util-deprecate/-/util-deprecate-1.0.2.tgz#450d4dc9fa70de732762fbd2d4a28981419a0ccf"

validate-npm-package-license@^3.0.1:
  version "3.0.1"
  resolved "https://registry.yarnpkg.com/validate-npm-package-license/-/validate-npm-package-license-3.0.1.tgz#2804babe712ad3379459acfbe24746ab2c303fbc"
  dependencies:
    spdx-correct "~1.0.0"
    spdx-expression-parse "~1.0.0"

vec2@^1.6.0:
  version "1.6.0"
  resolved "https://registry.yarnpkg.com/vec2/-/vec2-1.6.0.tgz#d2886b95fbbf638fa583aedf790ed0ee0df12185"

vec2@~1.3.4:
  version "1.3.4"
  resolved "https://registry.yarnpkg.com/vec2/-/vec2-1.3.4.tgz#f716846649243dc7d9136842d7e42a694e5779a6"

"xtend@>=4.0.0 <4.1.0-0":
  version "4.0.1"
  resolved "https://registry.yarnpkg.com/xtend/-/xtend-4.0.1.tgz#a5c6d532be656e23db820efb943a1f04998d63af"
